{
  "name": "wordle-words-worker",
  "version": "1.0.0",
  "lockfileVersion": 2,
  "requires": true,
  "packages": {
    "": {
      "name": "wordle-words-worker",
      "version": "1.0.0",
      "license": "MIT",
      "dependencies": {
        "wordle-words": "^0.0.0"
      },
      "devDependencies": {
        "prettier": "^1.18.2"
      }
    },
    "node_modules/prettier": {
      "version": "1.19.1",
      "resolved": "https://registry.npmjs.org/prettier/-/prettier-1.19.1.tgz",
      "integrity": "sha512-s7PoyDv/II1ObgQunCbB9PdLmUcBZcnWOcxDh7O0N/UwDEsHyqkW+Qh28jW+mVuCdx7gLB0BotYI1Y6uI9iyew==",
      "dev": true,
      "bin": {
        "prettier": "bin-prettier.js"
      },
      "engines": {
        "node": ">=4"
      }
    },
    "node_modules/wordle-words": {
      "version": "0.0.0",
      "resolved": "https://registry.npmjs.org/wordle-words/-/wordle-words-0.0.0.tgz",
      "integrity": "sha512-DQvMqUb/zMI5SdVGHsRz3GDspK85C2WsJYixbmYhRhX3V29hiMVX6s67NrPFVYrCfKKUpxKj5hZx0tRflRMsXg=="
    }
  },
  "dependencies": {
    "prettier": {
      "version": "1.19.1",
      "resolved": "https://registry.npmjs.org/prettier/-/prettier-1.19.1.tgz",
      "integrity": "sha512-s7PoyDv/II1ObgQunCbB9PdLmUcBZcnWOcxDh7O0N/UwDEsHyqkW+Qh28jW+mVuCdx7gLB0BotYI1Y6uI9iyew==",
      "dev": true
    },
    "wordle-words": {
      "version": "0.0.0",
      "resolved": "https://registry.npmjs.org/wordle-words/-/wordle-words-0.0.0.tgz",
      "integrity": "sha512-DQvMqUb/zMI5SdVGHsRz3GDspK85C2WsJYixbmYhRhX3V29hiMVX6s67NrPFVYrCfKKUpxKj5hZx0tRflRMsXg=="
    }
  }
}
